
Microsoft Visual Studio Solution File, Format Version 12.00
# Visual Studio Version 16
VisualStudioVersion = 16.0.31205.134
MinimumVisualStudioVersion = 10.0.40219.1
Project("{FAE04EC0-301F-11D3-BF4B-00C04F79EFBC}") = "ElifBesler-StudentForm", "ElifBesler-StudentForm.csproj", "{9C9C41D8-DAD4-4E9F-A4ED-D0A28F34EF87}"
EndProject
Global
	GlobalSection(SolutionConfigurationPlatforms) = preSolution
		Debug|Any CPU = Debug|Any CPU
		Release|Any CPU = Release|Any CPU
	EndGlobalSection
	GlobalSection(ProjectConfigurationPlatforms) = postSolution
		{9C9C41D8-DAD4-4E9F-A4ED-D0A28F34EF87}.Debug|Any CPU.ActiveCfg = Debug|Any CPU
		{9C9C41D8-DAD4-4E9F-A4ED-D0A28F34EF87}.Debug|Any CPU.Build.0 = Debug|Any CPU
		{9C9C41D8-DAD4-4E9F-A4ED-D0A28F34EF87}.Release|Any CPU.ActiveCfg = Release|Any CPU
		{9C9C41D8-DAD4-4E9F-A4ED-D0A28F34EF87}.Release|Any CPU.Build.0 = Release|Any CPU
	EndGlobalSection
	GlobalSection(SolutionProperties) = preSolution
		HideSolutionNode = FALSE
	EndGlobalSection
	GlobalSection(ExtensibilityGlobals) = postSolution
		SolutionGuid = {06766E52-838C-40B7-B0A6-0AF1FF793BB2}
	EndGlobalSection
EndGlobal
